
Microsoft Visual Studio Solution File, Format Version 12.00
# Visual Studio Version 17
VisualStudioVersion = 17.6.33927.249
MinimumVisualStudioVersion = 10.0.40219.1
Project("{FAE04EC0-301F-11D3-BF4B-00C04F79EFBC}") = "ImageConverter", "ImageConverter.csproj", "{5F90F8EB-17A4-47F0-9EEB-EDBB1F30AF2E}"
EndProject
Global
	GlobalSection(SolutionConfigurationPlatforms) = preSolution
		Debug|Any CPU = Debug|Any CPU
		Release|Any CPU = Release|Any CPU
	EndGlobalSection
	GlobalSection(ProjectConfigurationPlatforms) = postSolution
		{5F90F8EB-17A4-47F0-9EEB-EDBB1F30AF2E}.Debug|Any CPU.ActiveCfg = Debug|Any CPU
		{5F90F8EB-17A4-47F0-9EEB-EDBB1F30AF2E}.Debug|Any CPU.Build.0 = Debug|Any CPU
		{5F90F8EB-17A4-47F0-9EEB-EDBB1F30AF2E}.Release|Any CPU.ActiveCfg = Release|Any CPU
		{5F90F8EB-17A4-47F0-9EEB-EDBB1F30AF2E}.Release|Any CPU.Build.0 = Release|Any CPU
	EndGlobalSection
	GlobalSection(SolutionProperties) = preSolution
		HideSolutionNode = FALSE
	EndGlobalSection
	GlobalSection(ExtensibilityGlobals) = postSolution
		SolutionGuid = {ED5A2141-70FF-4D48-B33E-29ADAABF7EB6}
	EndGlobalSection
EndGlobal
